
Microsoft Visual Studio Solution File, Format Version 12.00
# Visual Studio Version 16
VisualStudioVersion = 16.0.30621.155
MinimumVisualStudioVersion = 10.0.40219.1
Project("{FAE04EC0-301F-11D3-BF4B-00C04F79EFBC}") = "BotLine", "BotLine\BotLine.csproj", "{AA3E49F6-770E-49B2-AB56-91EA66B2D928}"
EndProject
Global
	GlobalSection(SolutionConfigurationPlatforms) = preSolution
		Debug|Any CPU = Debug|Any CPU
		Release|Any CPU = Release|Any CPU
	EndGlobalSection
	GlobalSection(ProjectConfigurationPlatforms) = postSolution
		{AA3E49F6-770E-49B2-AB56-91EA66B2D928}.Debug|Any CPU.ActiveCfg = Debug|Any CPU
		{AA3E49F6-770E-49B2-AB56-91EA66B2D928}.Debug|Any CPU.Build.0 = Debug|Any CPU
		{AA3E49F6-770E-49B2-AB56-91EA66B2D928}.Release|Any CPU.ActiveCfg = Release|Any CPU
		{AA3E49F6-770E-49B2-AB56-91EA66B2D928}.Release|Any CPU.Build.0 = Release|Any CPU
	EndGlobalSection
	GlobalSection(SolutionProperties) = preSolution
		HideSolutionNode = FALSE
	EndGlobalSection
	GlobalSection(ExtensibilityGlobals) = postSolution
		SolutionGuid = {8A31CAF5-E80E-4C38-BF78-D48EA3F50722}
	EndGlobalSection
EndGlobal
